<?xml version="1.0" encoding="utf-8"?>
<Project ToolsVersion="15.0" xmlns="http://schemas.microsoft.com/developer/msbuild/2003">
  <ItemGroup>
    <ClCompile Include="D:\GITHUB\pbr-material-viewer\thirdparty\imgui\src\imgui.cpp">
      <Filter>Source Files</Filter>
    </ClCompile>
    <ClCompile Include="D:\GITHUB\pbr-material-viewer\thirdparty\imgui\src\imgui_demo.cpp">
      <Filter>Source Files</Filter>
    </ClCompile>
    <ClCompile Include="D:\GITHUB\pbr-material-viewer\thirdparty\imgui\src\imgui_draw.cpp">
      <Filter>Source Files</Filter>
    </ClCompile>
    <ClCompile Include="D:\GITHUB\pbr-material-viewer\thirdparty\imgui\src\imgui_widgets.cpp">
      <Filter>Source Files</Filter>
    </ClCompile>
  </ItemGroup>
  <ItemGroup>
    <CustomBuild Include="D:\GITHUB\pbr-material-viewer\CMakeLists.txt" />
  </ItemGroup>
  <ItemGroup>
    <Filter Include="Source Files">
      <UniqueIdentifier>{3A10FE7E-F1B8-3C6E-B5B7-E5038D40A96F}</UniqueIdentifier>
    </Filter>
  </ItemGroup>
</Project>
