
Microsoft Visual Studio Solution File, Format Version 12.00
# Visual Studio 15
Project("{8BC9CEB8-8B4A-11D0-8D11-00A0C91BC942}") = "ALL_BUILD", "ALL_BUILD.vcxproj", "{5ECB2B07-3AD7-3666-A6CD-11F21A99A98F}"
	ProjectSection(ProjectDependencies) = postProject
		{D2BF6FA5-8BB2-3B7B-A48A-869DD09447D7} = {D2BF6FA5-8BB2-3B7B-A48A-869DD09447D7}
		{55FC6C99-D85E-370E-AC48-F74953EB2A46} = {55FC6C99-D85E-370E-AC48-F74953EB2A46}
		{4C331E1E-97A5-36D6-B90E-407976BB1475} = {4C331E1E-97A5-36D6-B90E-407976BB1475}
		{77556918-DC41-36F4-AA75-679D1AD21E5D} = {77556918-DC41-36F4-AA75-679D1AD21E5D}
		{A6305828-C7AB-37C7-B602-637B06D9C038} = {A6305828-C7AB-37C7-B602-637B06D9C038}
		{B9F6512A-10AB-394B-B00F-07AEBAA1372A} = {B9F6512A-10AB-394B-B00F-07AEBAA1372A}
	EndProjectSection
EndProject
Project("{8BC9CEB8-8B4A-11D0-8D11-00A0C91BC942}") = "ZERO_CHECK", "ZERO_CHECK.vcxproj", "{D2BF6FA5-8BB2-3B7B-A48A-869DD09447D7}"
	ProjectSection(ProjectDependencies) = postProject
	EndProjectSection
EndProject
Project("{8BC9CEB8-8B4A-11D0-8D11-00A0C91BC942}") = "glad", "glad.vcxproj", "{55FC6C99-D85E-370E-AC48-F74953EB2A46}"
	ProjectSection(ProjectDependencies) = postProject
		{D2BF6FA5-8BB2-3B7B-A48A-869DD09447D7} = {D2BF6FA5-8BB2-3B7B-A48A-869DD09447D7}
	EndProjectSection
EndProject
Project("{8BC9CEB8-8B4A-11D0-8D11-00A0C91BC942}") = "imgui", "imgui.vcxproj", "{4C331E1E-97A5-36D6-B90E-407976BB1475}"
	ProjectSection(ProjectDependencies) = postProject
		{D2BF6FA5-8BB2-3B7B-A48A-869DD09447D7} = {D2BF6FA5-8BB2-3B7B-A48A-869DD09447D7}
	EndProjectSection
EndProject
Project("{8BC9CEB8-8B4A-11D0-8D11-00A0C91BC942}") = "pbr_demo", "pbr_demo.vcxproj", "{77556918-DC41-36F4-AA75-679D1AD21E5D}"
	ProjectSection(ProjectDependencies) = postProject
		{D2BF6FA5-8BB2-3B7B-A48A-869DD09447D7} = {D2BF6FA5-8BB2-3B7B-A48A-869DD09447D7}
		{55FC6C99-D85E-370E-AC48-F74953EB2A46} = {55FC6C99-D85E-370E-AC48-F74953EB2A46}
		{4C331E1E-97A5-36D6-B90E-407976BB1475} = {4C331E1E-97A5-36D6-B90E-407976BB1475}
		{A6305828-C7AB-37C7-B602-637B06D9C038} = {A6305828-C7AB-37C7-B602-637B06D9C038}
		{B9F6512A-10AB-394B-B00F-07AEBAA1372A} = {B9F6512A-10AB-394B-B00F-07AEBAA1372A}
	EndProjectSection
EndProject
Project("{8BC9CEB8-8B4A-11D0-8D11-00A0C91BC942}") = "resource-files", "resource-files.vcxproj", "{A6305828-C7AB-37C7-B602-637B06D9C038}"
	ProjectSection(ProjectDependencies) = postProject
		{D2BF6FA5-8BB2-3B7B-A48A-869DD09447D7} = {D2BF6FA5-8BB2-3B7B-A48A-869DD09447D7}
	EndProjectSection
EndProject
Project("{8BC9CEB8-8B4A-11D0-8D11-00A0C91BC942}") = "stb_image", "stb_image.vcxproj", "{B9F6512A-10AB-394B-B00F-07AEBAA1372A}"
	ProjectSection(ProjectDependencies) = postProject
		{D2BF6FA5-8BB2-3B7B-A48A-869DD09447D7} = {D2BF6FA5-8BB2-3B7B-A48A-869DD09447D7}
	EndProjectSection
EndProject
Global
	GlobalSection(SolutionConfigurationPlatforms) = preSolution
		Debug|Win32 = Debug|Win32
		Release|Win32 = Release|Win32
		MinSizeRel|Win32 = MinSizeRel|Win32
		RelWithDebInfo|Win32 = RelWithDebInfo|Win32
	EndGlobalSection
	GlobalSection(ProjectConfigurationPlatforms) = postSolution
		{5ECB2B07-3AD7-3666-A6CD-11F21A99A98F}.Debug|Win32.ActiveCfg = Debug|Win32
		{5ECB2B07-3AD7-3666-A6CD-11F21A99A98F}.Release|Win32.ActiveCfg = Release|Win32
		{5ECB2B07-3AD7-3666-A6CD-11F21A99A98F}.MinSizeRel|Win32.ActiveCfg = MinSizeRel|Win32
		{5ECB2B07-3AD7-3666-A6CD-11F21A99A98F}.RelWithDebInfo|Win32.ActiveCfg = RelWithDebInfo|Win32
		{D2BF6FA5-8BB2-3B7B-A48A-869DD09447D7}.Debug|Win32.ActiveCfg = Debug|Win32
		{D2BF6FA5-8BB2-3B7B-A48A-869DD09447D7}.Debug|Win32.Build.0 = Debug|Win32
		{D2BF6FA5-8BB2-3B7B-A48A-869DD09447D7}.Release|Win32.ActiveCfg = Release|Win32
		{D2BF6FA5-8BB2-3B7B-A48A-869DD09447D7}.Release|Win32.Build.0 = Release|Win32
		{D2BF6FA5-8BB2-3B7B-A48A-869DD09447D7}.MinSizeRel|Win32.ActiveCfg = MinSizeRel|Win32
		{D2BF6FA5-8BB2-3B7B-A48A-869DD09447D7}.MinSizeRel|Win32.Build.0 = MinSizeRel|Win32
		{D2BF6FA5-8BB2-3B7B-A48A-869DD09447D7}.RelWithDebInfo|Win32.ActiveCfg = RelWithDebInfo|Win32
		{D2BF6FA5-8BB2-3B7B-A48A-869DD09447D7}.RelWithDebInfo|Win32.Build.0 = RelWithDebInfo|Win32
		{55FC6C99-D85E-370E-AC48-F74953EB2A46}.Debug|Win32.ActiveCfg = Debug|Win32
		{55FC6C99-D85E-370E-AC48-F74953EB2A46}.Debug|Win32.Build.0 = Debug|Win32
		{55FC6C99-D85E-370E-AC48-F74953EB2A46}.Release|Win32.ActiveCfg = Release|Win32
		{55FC6C99-D85E-370E-AC48-F74953EB2A46}.Release|Win32.Build.0 = Release|Win32
		{55FC6C99-D85E-370E-AC48-F74953EB2A46}.MinSizeRel|Win32.ActiveCfg = MinSizeRel|Win32
		{55FC6C99-D85E-370E-AC48-F74953EB2A46}.MinSizeRel|Win32.Build.0 = MinSizeRel|Win32
		{55FC6C99-D85E-370E-AC48-F74953EB2A46}.RelWithDebInfo|Win32.ActiveCfg = RelWithDebInfo|Win32
		{55FC6C99-D85E-370E-AC48-F74953EB2A46}.RelWithDebInfo|Win32.Build.0 = RelWithDebInfo|Win32
		{4C331E1E-97A5-36D6-B90E-407976BB1475}.Debug|Win32.ActiveCfg = Debug|Win32
		{4C331E1E-97A5-36D6-B90E-407976BB1475}.Debug|Win32.Build.0 = Debug|Win32
		{4C331E1E-97A5-36D6-B90E-407976BB1475}.Release|Win32.ActiveCfg = Release|Win32
		{4C331E1E-97A5-36D6-B90E-407976BB1475}.Release|Win32.Build.0 = Release|Win32
		{4C331E1E-97A5-36D6-B90E-407976BB1475}.MinSizeRel|Win32.ActiveCfg = MinSizeRel|Win32
		{4C331E1E-97A5-36D6-B90E-407976BB1475}.MinSizeRel|Win32.Build.0 = MinSizeRel|Win32
		{4C331E1E-97A5-36D6-B90E-407976BB1475}.RelWithDebInfo|Win32.ActiveCfg = RelWithDebInfo|Win32
		{4C331E1E-97A5-36D6-B90E-407976BB1475}.RelWithDebInfo|Win32.Build.0 = RelWithDebInfo|Win32
		{77556918-DC41-36F4-AA75-679D1AD21E5D}.Debug|Win32.ActiveCfg = Debug|Win32
		{77556918-DC41-36F4-AA75-679D1AD21E5D}.Debug|Win32.Build.0 = Debug|Win32
		{77556918-DC41-36F4-AA75-679D1AD21E5D}.Release|Win32.ActiveCfg = Release|Win32
		{77556918-DC41-36F4-AA75-679D1AD21E5D}.Release|Win32.Build.0 = Release|Win32
		{77556918-DC41-36F4-AA75-679D1AD21E5D}.MinSizeRel|Win32.ActiveCfg = MinSizeRel|Win32
		{77556918-DC41-36F4-AA75-679D1AD21E5D}.MinSizeRel|Win32.Build.0 = MinSizeRel|Win32
		{77556918-DC41-36F4-AA75-679D1AD21E5D}.RelWithDebInfo|Win32.ActiveCfg = RelWithDebInfo|Win32
		{77556918-DC41-36F4-AA75-679D1AD21E5D}.RelWithDebInfo|Win32.Build.0 = RelWithDebInfo|Win32
		{A6305828-C7AB-37C7-B602-637B06D9C038}.Debug|Win32.ActiveCfg = Debug|Win32
		{A6305828-C7AB-37C7-B602-637B06D9C038}.Debug|Win32.Build.0 = Debug|Win32
		{A6305828-C7AB-37C7-B602-637B06D9C038}.Release|Win32.ActiveCfg = Release|Win32
		{A6305828-C7AB-37C7-B602-637B06D9C038}.Release|Win32.Build.0 = Release|Win32
		{A6305828-C7AB-37C7-B602-637B06D9C038}.MinSizeRel|Win32.ActiveCfg = MinSizeRel|Win32
		{A6305828-C7AB-37C7-B602-637B06D9C038}.MinSizeRel|Win32.Build.0 = MinSizeRel|Win32
		{A6305828-C7AB-37C7-B602-637B06D9C038}.RelWithDebInfo|Win32.ActiveCfg = RelWithDebInfo|Win32
		{A6305828-C7AB-37C7-B602-637B06D9C038}.RelWithDebInfo|Win32.Build.0 = RelWithDebInfo|Win32
		{B9F6512A-10AB-394B-B00F-07AEBAA1372A}.Debug|Win32.ActiveCfg = Debug|Win32
		{B9F6512A-10AB-394B-B00F-07AEBAA1372A}.Debug|Win32.Build.0 = Debug|Win32
		{B9F6512A-10AB-394B-B00F-07AEBAA1372A}.Release|Win32.ActiveCfg = Release|Win32
		{B9F6512A-10AB-394B-B00F-07AEBAA1372A}.Release|Win32.Build.0 = Release|Win32
		{B9F6512A-10AB-394B-B00F-07AEBAA1372A}.MinSizeRel|Win32.ActiveCfg = MinSizeRel|Win32
		{B9F6512A-10AB-394B-B00F-07AEBAA1372A}.MinSizeRel|Win32.Build.0 = MinSizeRel|Win32
		{B9F6512A-10AB-394B-B00F-07AEBAA1372A}.RelWithDebInfo|Win32.ActiveCfg = RelWithDebInfo|Win32
		{B9F6512A-10AB-394B-B00F-07AEBAA1372A}.RelWithDebInfo|Win32.Build.0 = RelWithDebInfo|Win32
	EndGlobalSection
	GlobalSection(ExtensibilityGlobals) = postSolution
		SolutionGuid = {D39AA28C-C73B-3FFD-9802-868F6F521602}
	EndGlobalSection
	GlobalSection(ExtensibilityAddIns) = postSolution
	EndGlobalSection
EndGlobal
